
Microsoft Visual Studio Solution File, Format Version 12.00
# Visual Studio Version 17
VisualStudioVersion = 17.9.34728.123
MinimumVisualStudioVersion = 10.0.40219.1
Project("{9A19103F-16F7-4668-BE54-9A1E7A4F7556}") = "Project 1", "Project 1.csproj", "{42A0EA20-8306-4B59-B8D0-DE1BEA323CD8}"
EndProject
Global
	GlobalSection(SolutionConfigurationPlatforms) = preSolution
		Debug|Any CPU = Debug|Any CPU
		Release|Any CPU = Release|Any CPU
	EndGlobalSection
	GlobalSection(ProjectConfigurationPlatforms) = postSolution
		{42A0EA20-8306-4B59-B8D0-DE1BEA323CD8}.Debug|Any CPU.ActiveCfg = Debug|Any CPU
		{42A0EA20-8306-4B59-B8D0-DE1BEA323CD8}.Debug|Any CPU.Build.0 = Debug|Any CPU
		{42A0EA20-8306-4B59-B8D0-DE1BEA323CD8}.Release|Any CPU.ActiveCfg = Release|Any CPU
		{42A0EA20-8306-4B59-B8D0-DE1BEA323CD8}.Release|Any CPU.Build.0 = Release|Any CPU
	EndGlobalSection
	GlobalSection(SolutionProperties) = preSolution
		HideSolutionNode = FALSE
	EndGlobalSection
	GlobalSection(ExtensibilityGlobals) = postSolution
		SolutionGuid = {C76AD432-EBDC-43BD-9EA0-5F3428F631CA}
	EndGlobalSection
EndGlobal
